
Microsoft Visual Studio Solution File, Format Version 12.00
# Visual Studio Version 17
VisualStudioVersion = 17.0.31903.59
MinimumVisualStudioVersion = 10.0.40219.1
Project("{2150E333-8FDC-42A3-9474-1A3956D46DE8}") = "Domain", "Domain", "{7CB1ADF7-F05C-43DE-B790-09D6CCC8E297}"
EndProject
Project("{2150E333-8FDC-42A3-9474-1A3956D46DE8}") = "Service", "Service", "{C5351BB9-A7BB-4807-8D68-245771E1D52D}"
EndProject
Project("{2150E333-8FDC-42A3-9474-1A3956D46DE8}") = "Application", "Application", "{AADD08F3-E4C1-4BC6-9428-504BA82E2276}"
EndProject
Project("{2150E333-8FDC-42A3-9474-1A3956D46DE8}") = "Infra", "Infra", "{831CF97A-E170-4B8D-9CE9-D766C7440EEF}"
EndProject
Project("{2150E333-8FDC-42A3-9474-1A3956D46DE8}") = "Data", "Data", "{75B4DDCE-D4F4-417C-9CE9-3EB10F4F0C63}"
EndProject
Project("{2150E333-8FDC-42A3-9474-1A3956D46DE8}") = "CrossCutting", "CrossCutting", "{4A38F751-7549-45A7-B12E-938293D618A7}"
EndProject
Project("{2150E333-8FDC-42A3-9474-1A3956D46DE8}") = "Util", "Util", "{32624874-6DCF-48EF-9977-D800BBD18EE3}"
EndProject
Project("{2150E333-8FDC-42A3-9474-1A3956D46DE8}") = "Notifications", "Notifications", "{C461523C-6EE5-4732-9308-C89DA3963DB2}"
EndProject
Project("{2150E333-8FDC-42A3-9474-1A3956D46DE8}") = "Configuration", "Configuration", "{ACC41FC6-23C9-4CB9-9046-D324DB805008}"
EndProject
Project("{FAE04EC0-301F-11D3-BF4B-00C04F79EFBC}") = "Infra.Data", "Infra\Data\Infra.Data\Infra.Data.csproj", "{F5098AB1-5620-48BF-8003-A84703492C78}"
EndProject
Project("{2150E333-8FDC-42A3-9474-1A3956D46DE8}") = "Http", "Http", "{12E8B1A1-C1E7-4FDA-BE4C-BC73FECBDC08}"
EndProject
Project("{2150E333-8FDC-42A3-9474-1A3956D46DE8}") = "Enums", "Enums", "{CDE7D1BC-8AC8-45D7-8776-D845863C0C44}"
EndProject
Project("{FAE04EC0-301F-11D3-BF4B-00C04F79EFBC}") = "Infra.Configuration", "Infra\Data\Infra.Configuration\Infra.Configuration.csproj", "{04A6D3F6-5FDB-4526-949B-9D74762E89DD}"
EndProject
Project("{FAE04EC0-301F-11D3-BF4B-00C04F79EFBC}") = "Application", "Application\Application.csproj", "{D2870E60-7650-47B2-A4BA-5E9A7B79A66A}"
EndProject
Project("{FAE04EC0-301F-11D3-BF4B-00C04F79EFBC}") = "Service", "Service\Service.csproj", "{8FDF88D2-C2D7-4005-A08A-3B47A65737A0}"
EndProject
Project("{FAE04EC0-301F-11D3-BF4B-00C04F79EFBC}") = "CrossCutting.Util.Configuration.Core", "CrossCutting\Util\Configuration\CrossCutting.Util.Configuration.Core\CrossCutting.Util.Configuration.Core.csproj", "{DD8F95AB-0217-4AFF-9E66-AE40FA13B966}"
EndProject
Project("{FAE04EC0-301F-11D3-BF4B-00C04F79EFBC}") = "CrossCutting.Util.Enums", "CrossCutting\Util\CrossCutting.Util.Enums\CrossCutting.Util.Enums.csproj", "{CB5F2A89-541D-4CD5-8AB7-15996A542D2C}"
EndProject
Project("{FAE04EC0-301F-11D3-BF4B-00C04F79EFBC}") = "HttpAcessor", "CrossCutting\Util\HttpAcessor\HttpAcessor\HttpAcessor.csproj", "{75BA3878-3760-4BC3-BA6C-135F1BA6E8A2}"
EndProject
Project("{FAE04EC0-301F-11D3-BF4B-00C04F79EFBC}") = "CrossCutting.Util.Notifications", "CrossCutting\Util\Notifications\CrossCutting.Util.Notifications\CrossCutting.Util.Notifications.csproj", "{77F84B73-66F4-4CD2-BD06-FDCDEFC685AF}"
EndProject
Project("{FAE04EC0-301F-11D3-BF4B-00C04F79EFBC}") = "Domain", "Domain\Domain\Domain.csproj", "{AB32EF1D-C854-4167-8DBD-9574EF6C4CDC}"
EndProject
Project("{FAE04EC0-301F-11D3-BF4B-00C04F79EFBC}") = "Domain.Core", "Domain\Domain.Core\Domain.Core.csproj", "{C6F6ACF1-D44E-4EF6-A356-FFBBCE4DA92E}"
EndProject
Project("{FAE04EC0-301F-11D3-BF4B-00C04F79EFBC}") = "Infra.Data.Core", "Infra\Data\Infra.Data.Core\Infra.Data.Core.csproj", "{5729651B-A28C-4433-9CB3-19BB542AEC0F}"
EndProject
Project("{FAE04EC0-301F-11D3-BF4B-00C04F79EFBC}") = "HttpAcessor", "CrossCutting\Util\Http\HttpAcessor\HttpAcessor.csproj", "{410EEBEB-F89C-4079-82DB-AA1B57DD2F29}"
EndProject
Global
	GlobalSection(SolutionConfigurationPlatforms) = preSolution
		Debug|Any CPU = Debug|Any CPU
		Release|Any CPU = Release|Any CPU
	EndGlobalSection
	GlobalSection(SolutionProperties) = preSolution
		HideSolutionNode = FALSE
	EndGlobalSection
	GlobalSection(ProjectConfigurationPlatforms) = postSolution
		{F5098AB1-5620-48BF-8003-A84703492C78}.Debug|Any CPU.ActiveCfg = Debug|Any CPU
		{F5098AB1-5620-48BF-8003-A84703492C78}.Debug|Any CPU.Build.0 = Debug|Any CPU
		{F5098AB1-5620-48BF-8003-A84703492C78}.Release|Any CPU.ActiveCfg = Release|Any CPU
		{F5098AB1-5620-48BF-8003-A84703492C78}.Release|Any CPU.Build.0 = Release|Any CPU
		{04A6D3F6-5FDB-4526-949B-9D74762E89DD}.Debug|Any CPU.ActiveCfg = Debug|Any CPU
		{04A6D3F6-5FDB-4526-949B-9D74762E89DD}.Debug|Any CPU.Build.0 = Debug|Any CPU
		{04A6D3F6-5FDB-4526-949B-9D74762E89DD}.Release|Any CPU.ActiveCfg = Release|Any CPU
		{04A6D3F6-5FDB-4526-949B-9D74762E89DD}.Release|Any CPU.Build.0 = Release|Any CPU
		{D2870E60-7650-47B2-A4BA-5E9A7B79A66A}.Debug|Any CPU.ActiveCfg = Debug|Any CPU
		{D2870E60-7650-47B2-A4BA-5E9A7B79A66A}.Debug|Any CPU.Build.0 = Debug|Any CPU
		{D2870E60-7650-47B2-A4BA-5E9A7B79A66A}.Release|Any CPU.ActiveCfg = Release|Any CPU
		{D2870E60-7650-47B2-A4BA-5E9A7B79A66A}.Release|Any CPU.Build.0 = Release|Any CPU
		{8FDF88D2-C2D7-4005-A08A-3B47A65737A0}.Debug|Any CPU.ActiveCfg = Debug|Any CPU
		{8FDF88D2-C2D7-4005-A08A-3B47A65737A0}.Debug|Any CPU.Build.0 = Debug|Any CPU
		{8FDF88D2-C2D7-4005-A08A-3B47A65737A0}.Release|Any CPU.ActiveCfg = Release|Any CPU
		{8FDF88D2-C2D7-4005-A08A-3B47A65737A0}.Release|Any CPU.Build.0 = Release|Any CPU
		{DD8F95AB-0217-4AFF-9E66-AE40FA13B966}.Debug|Any CPU.ActiveCfg = Debug|Any CPU
		{DD8F95AB-0217-4AFF-9E66-AE40FA13B966}.Debug|Any CPU.Build.0 = Debug|Any CPU
		{DD8F95AB-0217-4AFF-9E66-AE40FA13B966}.Release|Any CPU.ActiveCfg = Release|Any CPU
		{DD8F95AB-0217-4AFF-9E66-AE40FA13B966}.Release|Any CPU.Build.0 = Release|Any CPU
		{CB5F2A89-541D-4CD5-8AB7-15996A542D2C}.Debug|Any CPU.ActiveCfg = Debug|Any CPU
		{CB5F2A89-541D-4CD5-8AB7-15996A542D2C}.Debug|Any CPU.Build.0 = Debug|Any CPU
		{CB5F2A89-541D-4CD5-8AB7-15996A542D2C}.Release|Any CPU.ActiveCfg = Release|Any CPU
		{CB5F2A89-541D-4CD5-8AB7-15996A542D2C}.Release|Any CPU.Build.0 = Release|Any CPU
		{75BA3878-3760-4BC3-BA6C-135F1BA6E8A2}.Debug|Any CPU.ActiveCfg = Debug|Any CPU
		{75BA3878-3760-4BC3-BA6C-135F1BA6E8A2}.Debug|Any CPU.Build.0 = Debug|Any CPU
		{75BA3878-3760-4BC3-BA6C-135F1BA6E8A2}.Release|Any CPU.ActiveCfg = Release|Any CPU
		{75BA3878-3760-4BC3-BA6C-135F1BA6E8A2}.Release|Any CPU.Build.0 = Release|Any CPU
		{77F84B73-66F4-4CD2-BD06-FDCDEFC685AF}.Debug|Any CPU.ActiveCfg = Debug|Any CPU
		{77F84B73-66F4-4CD2-BD06-FDCDEFC685AF}.Debug|Any CPU.Build.0 = Debug|Any CPU
		{77F84B73-66F4-4CD2-BD06-FDCDEFC685AF}.Release|Any CPU.ActiveCfg = Release|Any CPU
		{77F84B73-66F4-4CD2-BD06-FDCDEFC685AF}.Release|Any CPU.Build.0 = Release|Any CPU
		{AB32EF1D-C854-4167-8DBD-9574EF6C4CDC}.Debug|Any CPU.ActiveCfg = Debug|Any CPU
		{AB32EF1D-C854-4167-8DBD-9574EF6C4CDC}.Debug|Any CPU.Build.0 = Debug|Any CPU
		{AB32EF1D-C854-4167-8DBD-9574EF6C4CDC}.Release|Any CPU.ActiveCfg = Release|Any CPU
		{AB32EF1D-C854-4167-8DBD-9574EF6C4CDC}.Release|Any CPU.Build.0 = Release|Any CPU
		{C6F6ACF1-D44E-4EF6-A356-FFBBCE4DA92E}.Debug|Any CPU.ActiveCfg = Debug|Any CPU
		{C6F6ACF1-D44E-4EF6-A356-FFBBCE4DA92E}.Debug|Any CPU.Build.0 = Debug|Any CPU
		{C6F6ACF1-D44E-4EF6-A356-FFBBCE4DA92E}.Release|Any CPU.ActiveCfg = Release|Any CPU
		{C6F6ACF1-D44E-4EF6-A356-FFBBCE4DA92E}.Release|Any CPU.Build.0 = Release|Any CPU
		{5729651B-A28C-4433-9CB3-19BB542AEC0F}.Debug|Any CPU.ActiveCfg = Debug|Any CPU
		{5729651B-A28C-4433-9CB3-19BB542AEC0F}.Debug|Any CPU.Build.0 = Debug|Any CPU
		{5729651B-A28C-4433-9CB3-19BB542AEC0F}.Release|Any CPU.ActiveCfg = Release|Any CPU
		{5729651B-A28C-4433-9CB3-19BB542AEC0F}.Release|Any CPU.Build.0 = Release|Any CPU
		{410EEBEB-F89C-4079-82DB-AA1B57DD2F29}.Debug|Any CPU.ActiveCfg = Debug|Any CPU
		{410EEBEB-F89C-4079-82DB-AA1B57DD2F29}.Debug|Any CPU.Build.0 = Debug|Any CPU
		{410EEBEB-F89C-4079-82DB-AA1B57DD2F29}.Release|Any CPU.ActiveCfg = Release|Any CPU
		{410EEBEB-F89C-4079-82DB-AA1B57DD2F29}.Release|Any CPU.Build.0 = Release|Any CPU
	EndGlobalSection
	GlobalSection(NestedProjects) = preSolution
		{75B4DDCE-D4F4-417C-9CE9-3EB10F4F0C63} = {831CF97A-E170-4B8D-9CE9-D766C7440EEF}
		{32624874-6DCF-48EF-9977-D800BBD18EE3} = {4A38F751-7549-45A7-B12E-938293D618A7}
		{C461523C-6EE5-4732-9308-C89DA3963DB2} = {32624874-6DCF-48EF-9977-D800BBD18EE3}
		{ACC41FC6-23C9-4CB9-9046-D324DB805008} = {32624874-6DCF-48EF-9977-D800BBD18EE3}
		{F5098AB1-5620-48BF-8003-A84703492C78} = {75B4DDCE-D4F4-417C-9CE9-3EB10F4F0C63}
		{12E8B1A1-C1E7-4FDA-BE4C-BC73FECBDC08} = {32624874-6DCF-48EF-9977-D800BBD18EE3}
		{CDE7D1BC-8AC8-45D7-8776-D845863C0C44} = {32624874-6DCF-48EF-9977-D800BBD18EE3}
		{04A6D3F6-5FDB-4526-949B-9D74762E89DD} = {75B4DDCE-D4F4-417C-9CE9-3EB10F4F0C63}
		{D2870E60-7650-47B2-A4BA-5E9A7B79A66A} = {AADD08F3-E4C1-4BC6-9428-504BA82E2276}
		{8FDF88D2-C2D7-4005-A08A-3B47A65737A0} = {C5351BB9-A7BB-4807-8D68-245771E1D52D}
		{DD8F95AB-0217-4AFF-9E66-AE40FA13B966} = {ACC41FC6-23C9-4CB9-9046-D324DB805008}
		{CB5F2A89-541D-4CD5-8AB7-15996A542D2C} = {CDE7D1BC-8AC8-45D7-8776-D845863C0C44}
		{75BA3878-3760-4BC3-BA6C-135F1BA6E8A2} = {12E8B1A1-C1E7-4FDA-BE4C-BC73FECBDC08}
		{77F84B73-66F4-4CD2-BD06-FDCDEFC685AF} = {C461523C-6EE5-4732-9308-C89DA3963DB2}
		{AB32EF1D-C854-4167-8DBD-9574EF6C4CDC} = {7CB1ADF7-F05C-43DE-B790-09D6CCC8E297}
		{C6F6ACF1-D44E-4EF6-A356-FFBBCE4DA92E} = {7CB1ADF7-F05C-43DE-B790-09D6CCC8E297}
		{5729651B-A28C-4433-9CB3-19BB542AEC0F} = {75B4DDCE-D4F4-417C-9CE9-3EB10F4F0C63}
		{410EEBEB-F89C-4079-82DB-AA1B57DD2F29} = {12E8B1A1-C1E7-4FDA-BE4C-BC73FECBDC08}
	EndGlobalSection
EndGlobal
